// !$*UTF8*$!
{ archiveVersion = 1; classes = {}; objectVersion = 56; objects = {
C9BEF0E9736BB3C3F384FA91 = { isa = PBXFileReference; lastKnownFileType = sourcecode.swift; path = "NeonWave/APIClient.swift"; sourceTree = "<group>"; };
CEF5EE5440E1004F198272F7 = { isa = PBXFileReference; lastKnownFileType = sourcecode.swift; path = "NeonWave/AudioPlayer.swift"; sourceTree = "<group>"; };
21233610D7555ED8B01419CD = { isa = PBXFileReference; lastKnownFileType = sourcecode.swift; path = "NeonWave/Configuration.swift"; sourceTree = "<group>"; };
56F5526710228B60BBD24BFF = { isa = PBXFileReference; lastKnownFileType = sourcecode.swift; path = "NeonWave/Design.swift"; sourceTree = "<group>"; };
7D1CCFD7D25D77986AB4AED1 = { isa = PBXFileReference; lastKnownFileType = sourcecode.swift; path = "NeonWave/DownloadManager.swift"; sourceTree = "<group>"; };
B92021B49293581C82AD608A = { isa = PBXFileReference; lastKnownFileType = sourcecode.swift; path = "NeonWave/LibraryStore.swift"; sourceTree = "<group>"; };
EED12EC9BA09C9FB10BAF2F8 = { isa = PBXFileReference; lastKnownFileType = sourcecode.swift; path = "NeonWave/LibraryViews.swift"; sourceTree = "<group>"; };
80CBD296682368B33E1D0815 = { isa = PBXFileReference; lastKnownFileType = sourcecode.swift; path = "NeonWave/LyricsService.swift"; sourceTree = "<group>"; };
6B46FF9D61223309EAF8AD22 = { isa = PBXFileReference; lastKnownFileType = sourcecode.swift; path = "NeonWave/MainView.swift"; sourceTree = "<group>"; };
B66F5B8029962D0603D0ACF3 = { isa = PBXFileReference; lastKnownFileType = sourcecode.swift; path = "NeonWave/Models.swift"; sourceTree = "<group>"; };
2B860B6047D55942C1B207B2 = { isa = PBXFileReference; lastKnownFileType = sourcecode.swift; path = "NeonWave/MusicCatalogService.swift"; sourceTree = "<group>"; };
73A384006F7921702AFC8540 = { isa = PBXFileReference; lastKnownFileType = sourcecode.swift; path = "NeonWave/NeonWaveApp.swift"; sourceTree = "<group>"; };
2943C1B53A5397F1B9861ED6 = { isa = PBXFileReference; lastKnownFileType = sourcecode.swift; path = "NeonWave/PlayerView.swift"; sourceTree = "<group>"; };
8FF50DA7A24D8775FF710CE5 = { isa = PBXFileReference; lastKnownFileType = sourcecode.swift; path = "NeonWave/SessionStore.swift"; sourceTree = "<group>"; };
26FCB425701D9263A423F85C = { isa = PBXFileReference; lastKnownFileType = sourcecode.swift; path = "NeonWave/SettingsView.swift"; sourceTree = "<group>"; };
097D6C6F907365C4CD5F5F9C = { isa = PBXFileReference; lastKnownFileType = sourcecode.swift; path = "NeonWave/SpotifyCanvas.swift"; sourceTree = "<group>"; };
FAA7A322A3B961439DEB0531 = { isa = PBXFileReference; lastKnownFileType = sourcecode.swift; path = "NeonWave/WelcomeView.swift"; sourceTree = "<group>"; };
09DF56BB146CD7893D930AC1 = { isa = PBXFileReference; lastKnownFileType = sourcecode.swift; path = "NeonWave/YouTubePlayer.swift"; sourceTree = "<group>"; };
3FAD305C8F7CD182F29EEDFD = { isa = PBXFileReference; lastKnownFileType = sourcecode.swift; path = "NeonWaveTests/LibraryTests.swift"; sourceTree = "<group>"; };
74FCB7ABA1240FD666DE1789 = { isa = PBXFileReference; lastKnownFileType = folder.assetcatalog; path = "NeonWave/Assets.xcassets"; sourceTree = "<group>"; };
6CB73A75BA665F21061E25D0 = { isa = PBXFileReference; lastKnownFileType = text.xml; path = "NeonWave/PrivacyInfo.xcprivacy"; sourceTree = "<group>"; };
AD580CC96DFED79C549EA70F = { isa = PBXFileReference; lastKnownFileType = text.plist.xml; path = "NeonWave/Info.plist"; sourceTree = "<group>"; };
3FF7FB479B7560E5EC493D70 = { isa = PBXFileReference; lastKnownFileType = text.plist.entitlements; path = "NeonWave/NeonWave.entitlements"; sourceTree = "<group>"; };
4E475637B0A8FD15369B74C7 = { isa = PBXFileReference; lastKnownFileType = text.xcconfig; path = "Configuration.xcconfig"; sourceTree = "<group>"; };
8BCD5BC4CDFDF0918087C782 = { isa = PBXFileReference; explicitFileType = wrapper.application; includeInIndex = 0; path = NeonWave.app; sourceTree = BUILT_PRODUCTS_DIR; };
F219C0274590DA45E4BEF1EA = { isa = PBXFileReference; explicitFileType = wrapper.cfbundle; includeInIndex = 0; path = NeonWaveTests.xctest; sourceTree = BUILT_PRODUCTS_DIR; };
FBDC4F23F93125BBEEAE800C = { isa = PBXGroup; children = (8BCD5BC4CDFDF0918087C782, F219C0274590DA45E4BEF1EA); name = Products; sourceTree = "<group>"; };
F97E10D1020E3BEF961AF77B = { isa = PBXGroup; children = (C9BEF0E9736BB3C3F384FA91, CEF5EE5440E1004F198272F7, 21233610D7555ED8B01419CD, 56F5526710228B60BBD24BFF, 7D1CCFD7D25D77986AB4AED1, B92021B49293581C82AD608A, EED12EC9BA09C9FB10BAF2F8, 80CBD296682368B33E1D0815, 6B46FF9D61223309EAF8AD22, B66F5B8029962D0603D0ACF3, 2B860B6047D55942C1B207B2, 73A384006F7921702AFC8540, 2943C1B53A5397F1B9861ED6, 8FF50DA7A24D8775FF710CE5, 26FCB425701D9263A423F85C, 097D6C6F907365C4CD5F5F9C, FAA7A322A3B961439DEB0531, 09DF56BB146CD7893D930AC1, 3FAD305C8F7CD182F29EEDFD, 74FCB7ABA1240FD666DE1789, 6CB73A75BA665F21061E25D0, AD580CC96DFED79C549EA70F, 3FF7FB479B7560E5EC493D70, 4E475637B0A8FD15369B74C7, FBDC4F23F93125BBEEAE800C); sourceTree = "<group>"; };
D57BBFB35211348FD0D7BCF2 = { isa = PBXBuildFile; fileRef = C9BEF0E9736BB3C3F384FA91; };
0AFF2D46188A863C6BE86734 = { isa = PBXBuildFile; fileRef = CEF5EE5440E1004F198272F7; };
9362A7F36A296DF077F8659D = { isa = PBXBuildFile; fileRef = 21233610D7555ED8B01419CD; };
179A2A3E84EFB4A94A47F2DD = { isa = PBXBuildFile; fileRef = 56F5526710228B60BBD24BFF; };
5EFC929E747A4DD0244475D8 = { isa = PBXBuildFile; fileRef = 7D1CCFD7D25D77986AB4AED1; };
CE62482C7D1141683EAFC065 = { isa = PBXBuildFile; fileRef = B92021B49293581C82AD608A; };
BF3B067E36DDF0A6F1F3BF8F = { isa = PBXBuildFile; fileRef = EED12EC9BA09C9FB10BAF2F8; };
E68A7CD790E65DD4E2D9DDB6 = { isa = PBXBuildFile; fileRef = 80CBD296682368B33E1D0815; };
A1F1AE7A9E921E84E02659C6 = { isa = PBXBuildFile; fileRef = 6B46FF9D61223309EAF8AD22; };
676A873CD2EC7CAB08FA77D0 = { isa = PBXBuildFile; fileRef = B66F5B8029962D0603D0ACF3; };
CE115AFC3CFF6C6CD97831A0 = { isa = PBXBuildFile; fileRef = 2B860B6047D55942C1B207B2; };
D347879DE1A1BC2D2EB32C30 = { isa = PBXBuildFile; fileRef = 73A384006F7921702AFC8540; };
209A3184C3865C91C57D6087 = { isa = PBXBuildFile; fileRef = 2943C1B53A5397F1B9861ED6; };
C53DD2555EF1E9E4DA4A0994 = { isa = PBXBuildFile; fileRef = 8FF50DA7A24D8775FF710CE5; };
5B10FC68294375A24EABF410 = { isa = PBXBuildFile; fileRef = 26FCB425701D9263A423F85C; };
27725665C203352C0AACDBEA = { isa = PBXBuildFile; fileRef = 097D6C6F907365C4CD5F5F9C; };
375A18ED93BD2DFF366AE654 = { isa = PBXBuildFile; fileRef = FAA7A322A3B961439DEB0531; };
BA9629C1184A027F3FB8B766 = { isa = PBXBuildFile; fileRef = 09DF56BB146CD7893D930AC1; };
BCE16DD0260827ECF338C787 = { isa = PBXSourcesBuildPhase; buildActionMask = 2147483647; files = (D57BBFB35211348FD0D7BCF2, 0AFF2D46188A863C6BE86734, 9362A7F36A296DF077F8659D, 179A2A3E84EFB4A94A47F2DD, 5EFC929E747A4DD0244475D8, CE62482C7D1141683EAFC065, BF3B067E36DDF0A6F1F3BF8F, E68A7CD790E65DD4E2D9DDB6, A1F1AE7A9E921E84E02659C6, 676A873CD2EC7CAB08FA77D0, CE115AFC3CFF6C6CD97831A0, D347879DE1A1BC2D2EB32C30, 209A3184C3865C91C57D6087, C53DD2555EF1E9E4DA4A0994, 5B10FC68294375A24EABF410, 27725665C203352C0AACDBEA, 375A18ED93BD2DFF366AE654, BA9629C1184A027F3FB8B766); runOnlyForDeploymentPostprocessing = 0; };
125C91476997C0628F70BAB7 = { isa = PBXBuildFile; fileRef = 3FAD305C8F7CD182F29EEDFD; };
6E431EB0650617AA1756B320 = { isa = PBXSourcesBuildPhase; buildActionMask = 2147483647; files = (125C91476997C0628F70BAB7); runOnlyForDeploymentPostprocessing = 0; };
6C147B6CD6E946E0BBA2E7EE = { isa = PBXBuildFile; fileRef = 74FCB7ABA1240FD666DE1789; };
0E9CE2C455A8884A3B20311B = { isa = PBXBuildFile; fileRef = 6CB73A75BA665F21061E25D0; };
0189424A5A60FED329FA868E = { isa = PBXResourcesBuildPhase; buildActionMask = 2147483647; files = (6C147B6CD6E946E0BBA2E7EE, 0E9CE2C455A8884A3B20311B); runOnlyForDeploymentPostprocessing = 0; };
7561BFB015D8F536760CB671 = { isa = PBXFrameworksBuildPhase; buildActionMask = 2147483647; files = (); runOnlyForDeploymentPostprocessing = 0; };
1ABF84E55BD30AC2CEF8FC42 = { isa = PBXFrameworksBuildPhase; buildActionMask = 2147483647; files = (); runOnlyForDeploymentPostprocessing = 0; };
E204D28A2874F6123747650D = { isa = PBXShellScriptBuildPhase; buildActionMask = 2147483647; files = (); inputPaths = (); outputPaths = (); name = "Validate App Store configuration"; runOnlyForDeploymentPostprocessing = 0; shellPath = /bin/sh; shellScript = "if [ \"$CONFIGURATION\" = \"Release\" ]; then\n  for value in \"$NEONWAVE_API_URL\" \"$NEONWAVE_PRIVACY_URL\" \"$NEONWAVE_SUPPORT_URL\"; do\n    case \"$value\" in *example*|\"\" ) echo \"error: Configure production URLs in ios/Local.xcconfig before archiving.\"; exit 1;; esac\n  done\n  if [ -z \"$DEVELOPMENT_TEAM\" ]; then echo \"error: Select your Apple Developer team before archiving.\"; exit 1; fi\nfi\n"; alwaysOutOfDate = 1; };
D799BAE6088A90139B415FCC = { isa = PBXContainerItemProxy; containerPortal = 98F54143AB4E86B28C3AFEE0; proxyType = 1; remoteGlobalIDString = C13732C8E715C9BEE4FA51C9; remoteInfo = NeonWave; };
DE58E2B17C19600779694943 = { isa = PBXTargetDependency; target = C13732C8E715C9BEE4FA51C9; targetProxy = D799BAE6088A90139B415FCC; };
C13732C8E715C9BEE4FA51C9 = { isa = PBXNativeTarget; buildConfigurationList = 8A8642C6B28662881237D956; buildPhases = (E204D28A2874F6123747650D, BCE16DD0260827ECF338C787, 7561BFB015D8F536760CB671, 0189424A5A60FED329FA868E); buildRules = (); dependencies = (); name = NeonWave; productName = NeonWave; productReference = 8BCD5BC4CDFDF0918087C782; productType = "com.apple.product-type.application"; };
64BCB755386F844C96A2A5B0 = { isa = PBXNativeTarget; buildConfigurationList = 72C322F0960ECAD6090B486F; buildPhases = (6E431EB0650617AA1756B320, 1ABF84E55BD30AC2CEF8FC42); buildRules = (); dependencies = (DE58E2B17C19600779694943); name = NeonWaveTests; productName = NeonWaveTests; productReference = F219C0274590DA45E4BEF1EA; productType = "com.apple.product-type.bundle.unit-test"; };
89E1FD6268CC0F221A2BE178 = { isa = XCBuildConfiguration; buildSettings = { CLANG_ENABLE_MODULES = YES; SDKROOT = iphoneos; IPHONEOS_DEPLOYMENT_TARGET = 17.0; SWIFT_VERSION = 5.0; SWIFT_STRICT_CONCURRENCY = targeted; DEBUG_INFORMATION_FORMAT = dwarf; ENABLE_TESTABILITY = YES; SWIFT_OPTIMIZATION_LEVEL = "-Onone"; SWIFT_ACTIVE_COMPILATION_CONDITIONS = "DEBUG $(inherited)"; }; name = Debug; };
E9B2E96ABC5F6856F2BE79CF = { isa = XCBuildConfiguration; baseConfigurationReference = 4E475637B0A8FD15369B74C7; buildSettings = { PRODUCT_NAME = "$(TARGET_NAME)"; INFOPLIST_FILE = NeonWave/Info.plist; GENERATE_INFOPLIST_FILE = NO; CODE_SIGN_STYLE = Automatic; CODE_SIGN_ENTITLEMENTS = NeonWave/NeonWave.entitlements; TARGETED_DEVICE_FAMILY = 1; SUPPORTS_MACCATALYST = NO; SUPPORTS_MAC_DESIGNED_FOR_IPHONE_IPAD = NO; ASSETCATALOG_COMPILER_APPICON_NAME = AppIcon; MARKETING_VERSION = 1.0.0; CURRENT_PROJECT_VERSION = 1; LD_RUNPATH_SEARCH_PATHS = ("$(inherited)", "@executable_path/Frameworks"); }; name = Debug; };
FCB48D8F88BCDB0ED9FADFD7 = { isa = XCBuildConfiguration; buildSettings = { PRODUCT_NAME = "$(TARGET_NAME)"; PRODUCT_BUNDLE_IDENTIFIER = app.neonwave.ios.tests; GENERATE_INFOPLIST_FILE = YES; CODE_SIGN_STYLE = Automatic; TARGETED_DEVICE_FAMILY = 1; TEST_HOST = "$(BUILT_PRODUCTS_DIR)/NeonWave.app/NeonWave"; BUNDLE_LOADER = "$(TEST_HOST)"; LD_RUNPATH_SEARCH_PATHS = ("$(inherited)", "@executable_path/Frameworks", "@loader_path/Frameworks"); }; name = Debug; };
E6DE6C99132752C914FEF632 = { isa = XCBuildConfiguration; buildSettings = { CLANG_ENABLE_MODULES = YES; SDKROOT = iphoneos; IPHONEOS_DEPLOYMENT_TARGET = 17.0; SWIFT_VERSION = 5.0; SWIFT_STRICT_CONCURRENCY = targeted; DEBUG_INFORMATION_FORMAT = "dwarf-with-dsym"; ENABLE_TESTABILITY = NO; SWIFT_OPTIMIZATION_LEVEL = "-O"; SWIFT_ACTIVE_COMPILATION_CONDITIONS = "$(inherited)"; }; name = Release; };
5A8C91857F674E16E2724F47 = { isa = XCBuildConfiguration; baseConfigurationReference = 4E475637B0A8FD15369B74C7; buildSettings = { PRODUCT_NAME = "$(TARGET_NAME)"; INFOPLIST_FILE = NeonWave/Info.plist; GENERATE_INFOPLIST_FILE = NO; CODE_SIGN_STYLE = Automatic; CODE_SIGN_ENTITLEMENTS = NeonWave/NeonWave.entitlements; TARGETED_DEVICE_FAMILY = 1; SUPPORTS_MACCATALYST = NO; SUPPORTS_MAC_DESIGNED_FOR_IPHONE_IPAD = NO; ASSETCATALOG_COMPILER_APPICON_NAME = AppIcon; MARKETING_VERSION = 1.0.0; CURRENT_PROJECT_VERSION = 1; LD_RUNPATH_SEARCH_PATHS = ("$(inherited)", "@executable_path/Frameworks"); }; name = Release; };
942EEBBACD6C88CAE7F29B29 = { isa = XCBuildConfiguration; buildSettings = { PRODUCT_NAME = "$(TARGET_NAME)"; PRODUCT_BUNDLE_IDENTIFIER = app.neonwave.ios.tests; GENERATE_INFOPLIST_FILE = YES; CODE_SIGN_STYLE = Automatic; TARGETED_DEVICE_FAMILY = 1; TEST_HOST = "$(BUILT_PRODUCTS_DIR)/NeonWave.app/NeonWave"; BUNDLE_LOADER = "$(TEST_HOST)"; LD_RUNPATH_SEARCH_PATHS = ("$(inherited)", "@executable_path/Frameworks", "@loader_path/Frameworks"); }; name = Release; };
49EA05A46B1A86EA7E413B43 = { isa = XCConfigurationList; buildConfigurations = (89E1FD6268CC0F221A2BE178, E6DE6C99132752C914FEF632); defaultConfigurationIsVisible = 0; defaultConfigurationName = Release; };
8A8642C6B28662881237D956 = { isa = XCConfigurationList; buildConfigurations = (E9B2E96ABC5F6856F2BE79CF, 5A8C91857F674E16E2724F47); defaultConfigurationIsVisible = 0; defaultConfigurationName = Release; };
72C322F0960ECAD6090B486F = { isa = XCConfigurationList; buildConfigurations = (FCB48D8F88BCDB0ED9FADFD7, 942EEBBACD6C88CAE7F29B29); defaultConfigurationIsVisible = 0; defaultConfigurationName = Release; };
98F54143AB4E86B28C3AFEE0 = { isa = PBXProject; attributes = { BuildIndependentTargetsInParallel = YES; LastUpgradeCheck = 1600; TargetAttributes = { C13732C8E715C9BEE4FA51C9 = { CreatedOnToolsVersion = 16.0; SystemCapabilities = { com.apple.SignInWithApple = { enabled = 1; }; com.apple.BackgroundModes = { enabled = 1; }; }; }; 64BCB755386F844C96A2A5B0 = { CreatedOnToolsVersion = 16.0; TestTargetID = C13732C8E715C9BEE4FA51C9; }; }; }; buildConfigurationList = 49EA05A46B1A86EA7E413B43; compatibilityVersion = "Xcode 14.0"; developmentRegion = fr; hasScannedForEncodings = 0; knownRegions = (fr, en, Base); mainGroup = F97E10D1020E3BEF961AF77B; productRefGroup = FBDC4F23F93125BBEEAE800C; projectDirPath = ""; projectRoot = ""; targets = (C13732C8E715C9BEE4FA51C9, 64BCB755386F844C96A2A5B0); };
}; rootObject = 98F54143AB4E86B28C3AFEE0; }
